
Microsoft Visual Studio Solution File, Format Version 12.00
# Visual Studio Version 17
VisualStudioVersion = 17.9.34616.47
MinimumVisualStudioVersion = 10.0.40219.1
Project("{FAE04EC0-301F-11D3-BF4B-00C04F79EFBC}") = "RazorViewEngine", "RazorViewEngine\RazorViewEngine.csproj", "{416E5464-9473-4CFF-87AD-7CD6681F8A1A}"
EndProject
Global
	GlobalSection(SolutionConfigurationPlatforms) = preSolution
		Debug|Any CPU = Debug|Any CPU
		Release|Any CPU = Release|Any CPU
	EndGlobalSection
	GlobalSection(ProjectConfigurationPlatforms) = postSolution
		{416E5464-9473-4CFF-87AD-7CD6681F8A1A}.Debug|Any CPU.ActiveCfg = Debug|Any CPU
		{416E5464-9473-4CFF-87AD-7CD6681F8A1A}.Debug|Any CPU.Build.0 = Debug|Any CPU
		{416E5464-9473-4CFF-87AD-7CD6681F8A1A}.Release|Any CPU.ActiveCfg = Release|Any CPU
		{416E5464-9473-4CFF-87AD-7CD6681F8A1A}.Release|Any CPU.Build.0 = Release|Any CPU
	EndGlobalSection
	GlobalSection(SolutionProperties) = preSolution
		HideSolutionNode = FALSE
	EndGlobalSection
	GlobalSection(ExtensibilityGlobals) = postSolution
		SolutionGuid = {51206897-A8A0-4AA6-A348-84C072933646}
	EndGlobalSection
EndGlobal
